{
  "name": "gsd-cursor",
  "version": "1.1.0",
  "lockfileVersion": 3,
  "requires": true,
  "packages": {
    "": {
      "name": "gsd-cursor",
      "version": "1.1.0",
      "license": "MIT",
      "bin": {
        "gsd-cursor": "bin/gsd-cursor.cjs"
      },
      "engines": {
        "gsd": ">=1.0.0",
        "node": ">=18"
      }
    }
  }
}
